
Microsoft Visual Studio Solution File, Format Version 12.00
# Visual Studio Version 16
VisualStudioVersion = 16.0.29806.167
MinimumVisualStudioVersion = 10.0.40219.1
Project("{9A19103F-16F7-4668-BE54-9A1E7A4F7556}") = "DentalManagerPlugin", "DentalManagerPlugin\DentalManagerPlugin.csproj", "{669D105A-D283-47F3-BB68-19E462A3164F}"
EndProject
Project("{54435603-DBB4-11D2-8724-00A0C9A8B90C}") = "ExpressToolsSetup", "ExpressToolsSetup\ExpressToolsSetup.vdproj", "{A88A79B4-952C-4601-8140-B61DE903B70F}"
EndProject
Global
	GlobalSection(SolutionConfigurationPlatforms) = preSolution
		Debug|x64 = Debug|x64
		Release|x64 = Release|x64
	EndGlobalSection
	GlobalSection(ProjectConfigurationPlatforms) = postSolution
		{669D105A-D283-47F3-BB68-19E462A3164F}.Debug|x64.ActiveCfg = Debug|x64
		{669D105A-D283-47F3-BB68-19E462A3164F}.Debug|x64.Build.0 = Debug|x64
		{669D105A-D283-47F3-BB68-19E462A3164F}.Release|x64.ActiveCfg = Release|x64
		{669D105A-D283-47F3-BB68-19E462A3164F}.Release|x64.Build.0 = Release|x64
		{A88A79B4-952C-4601-8140-B61DE903B70F}.Debug|x64.ActiveCfg = Debug
		{A88A79B4-952C-4601-8140-B61DE903B70F}.Release|x64.ActiveCfg = Release
	EndGlobalSection
	GlobalSection(SolutionProperties) = preSolution
		HideSolutionNode = FALSE
	EndGlobalSection
	GlobalSection(ExtensibilityGlobals) = postSolution
		SolutionGuid = {D26D95B0-7379-4508-AF60-40A61401EC26}
	EndGlobalSection
EndGlobal
